
Microsoft Visual Studio Solution File, Format Version 12.00
# Visual Studio Version 17
VisualStudioVersion = 17.0.31903.59
MinimumVisualStudioVersion = 10.0.40219.1
Project("{2150E333-8FDC-42A3-9474-1A3956D46DE8}") = "src", "src", "{BA05F450-A612-4AEE-AD78-1DD57A761F61}"
EndProject
Project("{2150E333-8FDC-42A3-9474-1A3956D46DE8}") = "01-array", "01-array", "{A067AAD1-28CB-4FDD-BCFC-9764DA7EB244}"
EndProject
Project("{FAE04EC0-301F-11D3-BF4B-00C04F79EFBC}") = "Arrays.Exercicio02", "src\01-array\Arrays.Exercicio02\Arrays.Exercicio02.csproj", "{837EB41F-8428-4E25-BEC5-89097C59F2B3}"
EndProject
Project("{FAE04EC0-301F-11D3-BF4B-00C04F79EFBC}") = "Arrays.Exercicios03", "src\01-array\Arrays.Exercicios03\Arrays.Exercicios03.csproj", "{337AFE71-28C6-4AD6-9212-E1718581AF2D}"
EndProject
Project("{2150E333-8FDC-42A3-9474-1A3956D46DE8}") = "02-matriz", "02-matriz", "{2F551DD4-FF0C-4D64-A621-85CA8E4A4F8F}"
EndProject
Project("{FAE04EC0-301F-11D3-BF4B-00C04F79EFBC}") = "Matrizes.Exercicio01", "src\02-matriz\Matrizes.Exercicio01\Matrizes.Exercicio01.csproj", "{9F79D8A0-C08A-4949-B487-F459CF295BB2}"
EndProject
Project("{FAE04EC0-301F-11D3-BF4B-00C04F79EFBC}") = "Matrizes.Exercicio02", "src\02-matriz\Matrizes.Exercicio02\Matrizes.Exercicio02.csproj", "{2E7F79BC-4F72-45A2-B57C-5A2BF15D8FDC}"
EndProject
Project("{FAE04EC0-301F-11D3-BF4B-00C04F79EFBC}") = "Matrizes.Exercicio03", "src\02-matriz\Matrizes.Exercicio03\Matrizes.Exercicio03.csproj", "{B2753690-550E-4211-8179-04C7F1C23A4C}"
EndProject
Project("{2150E333-8FDC-42A3-9474-1A3956D46DE8}") = "03-busca-linear-binaria", "03-busca-linear-binaria", "{8FE0439F-CE5E-4E27-9045-1525C1348DBF}"
EndProject
Project("{FAE04EC0-301F-11D3-BF4B-00C04F79EFBC}") = "BuscaLinear.Exercicio01", "src\03-busca-linear-binaria\BuscaLinear.Exercicio01\BuscaLinear.Exercicio01.csproj", "{9E95D5FC-B513-492A-B6C0-E8045B359438}"
EndProject
Project("{FAE04EC0-301F-11D3-BF4B-00C04F79EFBC}") = "BuscaLinear.Exercicio02", "src\03-busca-linear-binaria\BuscaLinear.Exercicio02\BuscaLinear.Exercicio02.csproj", "{C25421C3-CCB4-4632-9189-1C2918A73575}"
EndProject
Project("{FAE04EC0-301F-11D3-BF4B-00C04F79EFBC}") = "BuscaBinaria.Exercicio01", "src\03-busca-linear-binaria\BuscaBinaria.Exercicio01\BuscaBinaria.Exercicio01.csproj", "{BECB7CC6-3205-47AD-B116-9D0BE50766C5}"
EndProject
Global
	GlobalSection(SolutionConfigurationPlatforms) = preSolution
		Debug|Any CPU = Debug|Any CPU
		Release|Any CPU = Release|Any CPU
	EndGlobalSection
	GlobalSection(SolutionProperties) = preSolution
		HideSolutionNode = FALSE
	EndGlobalSection
	GlobalSection(ProjectConfigurationPlatforms) = postSolution
		{837EB41F-8428-4E25-BEC5-89097C59F2B3}.Debug|Any CPU.ActiveCfg = Debug|Any CPU
		{837EB41F-8428-4E25-BEC5-89097C59F2B3}.Debug|Any CPU.Build.0 = Debug|Any CPU
		{837EB41F-8428-4E25-BEC5-89097C59F2B3}.Release|Any CPU.ActiveCfg = Release|Any CPU
		{837EB41F-8428-4E25-BEC5-89097C59F2B3}.Release|Any CPU.Build.0 = Release|Any CPU
		{337AFE71-28C6-4AD6-9212-E1718581AF2D}.Debug|Any CPU.ActiveCfg = Debug|Any CPU
		{337AFE71-28C6-4AD6-9212-E1718581AF2D}.Debug|Any CPU.Build.0 = Debug|Any CPU
		{337AFE71-28C6-4AD6-9212-E1718581AF2D}.Release|Any CPU.ActiveCfg = Release|Any CPU
		{337AFE71-28C6-4AD6-9212-E1718581AF2D}.Release|Any CPU.Build.0 = Release|Any CPU
		{9F79D8A0-C08A-4949-B487-F459CF295BB2}.Debug|Any CPU.ActiveCfg = Debug|Any CPU
		{9F79D8A0-C08A-4949-B487-F459CF295BB2}.Debug|Any CPU.Build.0 = Debug|Any CPU
		{9F79D8A0-C08A-4949-B487-F459CF295BB2}.Release|Any CPU.ActiveCfg = Release|Any CPU
		{9F79D8A0-C08A-4949-B487-F459CF295BB2}.Release|Any CPU.Build.0 = Release|Any CPU
		{2E7F79BC-4F72-45A2-B57C-5A2BF15D8FDC}.Debug|Any CPU.ActiveCfg = Debug|Any CPU
		{2E7F79BC-4F72-45A2-B57C-5A2BF15D8FDC}.Debug|Any CPU.Build.0 = Debug|Any CPU
		{2E7F79BC-4F72-45A2-B57C-5A2BF15D8FDC}.Release|Any CPU.ActiveCfg = Release|Any CPU
		{2E7F79BC-4F72-45A2-B57C-5A2BF15D8FDC}.Release|Any CPU.Build.0 = Release|Any CPU
		{B2753690-550E-4211-8179-04C7F1C23A4C}.Debug|Any CPU.ActiveCfg = Debug|Any CPU
		{B2753690-550E-4211-8179-04C7F1C23A4C}.Debug|Any CPU.Build.0 = Debug|Any CPU
		{B2753690-550E-4211-8179-04C7F1C23A4C}.Release|Any CPU.ActiveCfg = Release|Any CPU
		{B2753690-550E-4211-8179-04C7F1C23A4C}.Release|Any CPU.Build.0 = Release|Any CPU
		{9E95D5FC-B513-492A-B6C0-E8045B359438}.Debug|Any CPU.ActiveCfg = Debug|Any CPU
		{9E95D5FC-B513-492A-B6C0-E8045B359438}.Debug|Any CPU.Build.0 = Debug|Any CPU
		{9E95D5FC-B513-492A-B6C0-E8045B359438}.Release|Any CPU.ActiveCfg = Release|Any CPU
		{9E95D5FC-B513-492A-B6C0-E8045B359438}.Release|Any CPU.Build.0 = Release|Any CPU
		{C25421C3-CCB4-4632-9189-1C2918A73575}.Debug|Any CPU.ActiveCfg = Debug|Any CPU
		{C25421C3-CCB4-4632-9189-1C2918A73575}.Debug|Any CPU.Build.0 = Debug|Any CPU
		{C25421C3-CCB4-4632-9189-1C2918A73575}.Release|Any CPU.ActiveCfg = Release|Any CPU
		{C25421C3-CCB4-4632-9189-1C2918A73575}.Release|Any CPU.Build.0 = Release|Any CPU
		{BECB7CC6-3205-47AD-B116-9D0BE50766C5}.Debug|Any CPU.ActiveCfg = Debug|Any CPU
		{BECB7CC6-3205-47AD-B116-9D0BE50766C5}.Debug|Any CPU.Build.0 = Debug|Any CPU
		{BECB7CC6-3205-47AD-B116-9D0BE50766C5}.Release|Any CPU.ActiveCfg = Release|Any CPU
		{BECB7CC6-3205-47AD-B116-9D0BE50766C5}.Release|Any CPU.Build.0 = Release|Any CPU
	EndGlobalSection
	GlobalSection(NestedProjects) = preSolution
		{A067AAD1-28CB-4FDD-BCFC-9764DA7EB244} = {BA05F450-A612-4AEE-AD78-1DD57A761F61}
		{837EB41F-8428-4E25-BEC5-89097C59F2B3} = {A067AAD1-28CB-4FDD-BCFC-9764DA7EB244}
		{337AFE71-28C6-4AD6-9212-E1718581AF2D} = {A067AAD1-28CB-4FDD-BCFC-9764DA7EB244}
		{2F551DD4-FF0C-4D64-A621-85CA8E4A4F8F} = {BA05F450-A612-4AEE-AD78-1DD57A761F61}
		{9F79D8A0-C08A-4949-B487-F459CF295BB2} = {2F551DD4-FF0C-4D64-A621-85CA8E4A4F8F}
		{2E7F79BC-4F72-45A2-B57C-5A2BF15D8FDC} = {2F551DD4-FF0C-4D64-A621-85CA8E4A4F8F}
		{B2753690-550E-4211-8179-04C7F1C23A4C} = {2F551DD4-FF0C-4D64-A621-85CA8E4A4F8F}
		{8FE0439F-CE5E-4E27-9045-1525C1348DBF} = {BA05F450-A612-4AEE-AD78-1DD57A761F61}
		{9E95D5FC-B513-492A-B6C0-E8045B359438} = {8FE0439F-CE5E-4E27-9045-1525C1348DBF}
		{C25421C3-CCB4-4632-9189-1C2918A73575} = {8FE0439F-CE5E-4E27-9045-1525C1348DBF}
		{BECB7CC6-3205-47AD-B116-9D0BE50766C5} = {8FE0439F-CE5E-4E27-9045-1525C1348DBF}
	EndGlobalSection
EndGlobal
