
Microsoft Visual Studio Solution File, Format Version 12.00
# Visual Studio Version 17
VisualStudioVersion = 17.0.31903.59
MinimumVisualStudioVersion = 10.0.40219.1
Project("{2150E333-8FDC-42A3-9474-1A3956D46DE8}") = "src", "src", "{BA05F450-A612-4AEE-AD78-1DD57A761F61}"
EndProject
Project("{2150E333-8FDC-42A3-9474-1A3956D46DE8}") = "01-array", "01-array", "{A067AAD1-28CB-4FDD-BCFC-9764DA7EB244}"
EndProject
Project("{FAE04EC0-301F-11D3-BF4B-00C04F79EFBC}") = "Arrays.Exercicio02", "src\01-array\Arrays.Exercicio02\Arrays.Exercicio02.csproj", "{837EB41F-8428-4E25-BEC5-89097C59F2B3}"
EndProject
Project("{FAE04EC0-301F-11D3-BF4B-00C04F79EFBC}") = "Arrays.Exercicios03", "src\01-array\Arrays.Exercicios03\Arrays.Exercicios03.csproj", "{337AFE71-28C6-4AD6-9212-E1718581AF2D}"
EndProject
Project("{2150E333-8FDC-42A3-9474-1A3956D46DE8}") = "02-matriz", "02-matriz", "{2F551DD4-FF0C-4D64-A621-85CA8E4A4F8F}"
EndProject
Project("{FAE04EC0-301F-11D3-BF4B-00C04F79EFBC}") = "Matrizes.Exercicio01", "src\02-matriz\Matrizes.Exercicio01\Matrizes.Exercicio01.csproj", "{9F79D8A0-C08A-4949-B487-F459CF295BB2}"
EndProject
Project("{FAE04EC0-301F-11D3-BF4B-00C04F79EFBC}") = "Matrizes.Exercicio02", "src\02-matriz\Matrizes.Exercicio02\Matrizes.Exercicio02.csproj", "{2E7F79BC-4F72-45A2-B57C-5A2BF15D8FDC}"
EndProject
Project("{FAE04EC0-301F-11D3-BF4B-00C04F79EFBC}") = "Matrizes.Exercicio03", "src\02-matriz\Matrizes.Exercicio03\Matrizes.Exercicio03.csproj", "{B2753690-550E-4211-8179-04C7F1C23A4C}"
EndProject
Project("{2150E333-8FDC-42A3-9474-1A3956D46DE8}") = "03-busca-linear-binaria", "03-busca-linear-binaria", "{8FE0439F-CE5E-4E27-9045-1525C1348DBF}"
EndProject
Project("{FAE04EC0-301F-11D3-BF4B-00C04F79EFBC}") = "BuscaLinear.Exercicio01", "src\03-busca-linear-binaria\BuscaLinear.Exercicio01\BuscaLinear.Exercicio01.csproj", "{9E95D5FC-B513-492A-B6C0-E8045B359438}"
EndProject
Project("{FAE04EC0-301F-11D3-BF4B-00C04F79EFBC}") = "BuscaLinear.Exercicio02", "src\03-busca-linear-binaria\BuscaLinear.Exercicio02\BuscaLinear.Exercicio02.csproj", "{C25421C3-CCB4-4632-9189-1C2918A73575}"
EndProject
Project("{FAE04EC0-301F-11D3-BF4B-00C04F79EFBC}") = "BuscaBinaria.Exercicio01", "src\03-busca-linear-binaria\BuscaBinaria.Exercicio01\BuscaBinaria.Exercicio01.csproj", "{BECB7CC6-3205-47AD-B116-9D0BE50766C5}"
EndProject
Project("{FAE04EC0-301F-11D3-BF4B-00C04F79EFBC}") = "BuscaBinaria.Exercicio02", "src\03-busca-linear-binaria\BuscaBinaria.Exercicio02\BuscaBinaria.Exercicio02.csproj", "{01477149-F791-40E5-A50F-06B5009E2F0B}"
EndProject
Project("{2150E333-8FDC-42A3-9474-1A3956D46DE8}") = "04-algoritmos-de-ordenacao", "04-algoritmos-de-ordenacao", "{849D4ADB-9CBB-4F31-9076-438F14ADD3D6}"
EndProject
Project("{FAE04EC0-301F-11D3-BF4B-00C04F79EFBC}") = "AlgoritmosOrdenacao.BubbleSort01", "src\04-algoritmos-de-ordenacao\AlgoritmosOrdenacao.BubbleSort01\AlgoritmosOrdenacao.BubbleSort01.csproj", "{2959A582-4386-48E1-8668-4B87D56F3277}"
EndProject
Project("{FAE04EC0-301F-11D3-BF4B-00C04F79EFBC}") = "AlgoritmosOrdenacao.SelectionSort01", "src\04-algoritmos-de-ordenacao\AlgoritmosOrdenacao.SelectionSort01\AlgoritmosOrdenacao.SelectionSort01.csproj", "{F85262F2-B1B1-48CF-8949-2B437CFA1E4D}"
EndProject
Project("{FAE04EC0-301F-11D3-BF4B-00C04F79EFBC}") = "AlgoritmosOrdenacao.InsertionSort01", "src\04-algoritmos-de-ordenacao\AlgoritmosOrdenacao.InsertionSort01\AlgoritmosOrdenacao.InsertionSort01.csproj", "{ADDC3BFF-18CF-4CD1-BAB3-EF9AA304AAE0}"
EndProject
Project("{FAE04EC0-301F-11D3-BF4B-00C04F79EFBC}") = "AlgoritmosOrdenacao.MergeSort01", "src\04-algoritmos-de-ordenacao\AlgoritmosOrdenacao.MergeSort01\AlgoritmosOrdenacao.MergeSort01.csproj", "{D4E9F9C4-2A22-49E0-8850-25EE1AF9BB93}"
EndProject
Project("{FAE04EC0-301F-11D3-BF4B-00C04F79EFBC}") = "AlgoritmosOrdenacao.HeapSort01", "src\04-algoritmos-de-ordenacao\AlgoritmosOrdenacao.HeapSort01\AlgoritmosOrdenacao.HeapSort01.csproj", "{32B93FF5-145B-4602-9261-1F303396AA0B}"
EndProject
Project("{FAE04EC0-301F-11D3-BF4B-00C04F79EFBC}") = "AlgoritmosOrdenacao.QuickSortt01", "src\04-algoritmos-de-ordenacao\AlgoritmosOrdenacao.QuickSortt01\AlgoritmosOrdenacao.QuickSortt01.csproj", "{FBEFD7B7-0CC8-40F3-BD6D-698875AA65E7}"
EndProject
Project("{FAE04EC0-301F-11D3-BF4B-00C04F79EFBC}") = "AlgoritmosOrdenacao.ShellSort01", "src\04-algoritmos-de-ordenacao\AlgoritmosOrdenacao.ShellSort01\AlgoritmosOrdenacao.ShellSort01.csproj", "{3A7BB7FC-D57A-42D9-8E23-015D88B00B36}"
EndProject
Global
	GlobalSection(SolutionConfigurationPlatforms) = preSolution
		Debug|Any CPU = Debug|Any CPU
		Release|Any CPU = Release|Any CPU
	EndGlobalSection
	GlobalSection(SolutionProperties) = preSolution
		HideSolutionNode = FALSE
	EndGlobalSection
	GlobalSection(ProjectConfigurationPlatforms) = postSolution
		{837EB41F-8428-4E25-BEC5-89097C59F2B3}.Debug|Any CPU.ActiveCfg = Debug|Any CPU
		{837EB41F-8428-4E25-BEC5-89097C59F2B3}.Debug|Any CPU.Build.0 = Debug|Any CPU
		{837EB41F-8428-4E25-BEC5-89097C59F2B3}.Release|Any CPU.ActiveCfg = Release|Any CPU
		{837EB41F-8428-4E25-BEC5-89097C59F2B3}.Release|Any CPU.Build.0 = Release|Any CPU
		{337AFE71-28C6-4AD6-9212-E1718581AF2D}.Debug|Any CPU.ActiveCfg = Debug|Any CPU
		{337AFE71-28C6-4AD6-9212-E1718581AF2D}.Debug|Any CPU.Build.0 = Debug|Any CPU
		{337AFE71-28C6-4AD6-9212-E1718581AF2D}.Release|Any CPU.ActiveCfg = Release|Any CPU
		{337AFE71-28C6-4AD6-9212-E1718581AF2D}.Release|Any CPU.Build.0 = Release|Any CPU
		{9F79D8A0-C08A-4949-B487-F459CF295BB2}.Debug|Any CPU.ActiveCfg = Debug|Any CPU
		{9F79D8A0-C08A-4949-B487-F459CF295BB2}.Debug|Any CPU.Build.0 = Debug|Any CPU
		{9F79D8A0-C08A-4949-B487-F459CF295BB2}.Release|Any CPU.ActiveCfg = Release|Any CPU
		{9F79D8A0-C08A-4949-B487-F459CF295BB2}.Release|Any CPU.Build.0 = Release|Any CPU
		{2E7F79BC-4F72-45A2-B57C-5A2BF15D8FDC}.Debug|Any CPU.ActiveCfg = Debug|Any CPU
		{2E7F79BC-4F72-45A2-B57C-5A2BF15D8FDC}.Debug|Any CPU.Build.0 = Debug|Any CPU
		{2E7F79BC-4F72-45A2-B57C-5A2BF15D8FDC}.Release|Any CPU.ActiveCfg = Release|Any CPU
		{2E7F79BC-4F72-45A2-B57C-5A2BF15D8FDC}.Release|Any CPU.Build.0 = Release|Any CPU
		{B2753690-550E-4211-8179-04C7F1C23A4C}.Debug|Any CPU.ActiveCfg = Debug|Any CPU
		{B2753690-550E-4211-8179-04C7F1C23A4C}.Debug|Any CPU.Build.0 = Debug|Any CPU
		{B2753690-550E-4211-8179-04C7F1C23A4C}.Release|Any CPU.ActiveCfg = Release|Any CPU
		{B2753690-550E-4211-8179-04C7F1C23A4C}.Release|Any CPU.Build.0 = Release|Any CPU
		{9E95D5FC-B513-492A-B6C0-E8045B359438}.Debug|Any CPU.ActiveCfg = Debug|Any CPU
		{9E95D5FC-B513-492A-B6C0-E8045B359438}.Debug|Any CPU.Build.0 = Debug|Any CPU
		{9E95D5FC-B513-492A-B6C0-E8045B359438}.Release|Any CPU.ActiveCfg = Release|Any CPU
		{9E95D5FC-B513-492A-B6C0-E8045B359438}.Release|Any CPU.Build.0 = Release|Any CPU
		{C25421C3-CCB4-4632-9189-1C2918A73575}.Debug|Any CPU.ActiveCfg = Debug|Any CPU
		{C25421C3-CCB4-4632-9189-1C2918A73575}.Debug|Any CPU.Build.0 = Debug|Any CPU
		{C25421C3-CCB4-4632-9189-1C2918A73575}.Release|Any CPU.ActiveCfg = Release|Any CPU
		{C25421C3-CCB4-4632-9189-1C2918A73575}.Release|Any CPU.Build.0 = Release|Any CPU
		{BECB7CC6-3205-47AD-B116-9D0BE50766C5}.Debug|Any CPU.ActiveCfg = Debug|Any CPU
		{BECB7CC6-3205-47AD-B116-9D0BE50766C5}.Debug|Any CPU.Build.0 = Debug|Any CPU
		{BECB7CC6-3205-47AD-B116-9D0BE50766C5}.Release|Any CPU.ActiveCfg = Release|Any CPU
		{BECB7CC6-3205-47AD-B116-9D0BE50766C5}.Release|Any CPU.Build.0 = Release|Any CPU
		{01477149-F791-40E5-A50F-06B5009E2F0B}.Debug|Any CPU.ActiveCfg = Debug|Any CPU
		{01477149-F791-40E5-A50F-06B5009E2F0B}.Debug|Any CPU.Build.0 = Debug|Any CPU
		{01477149-F791-40E5-A50F-06B5009E2F0B}.Release|Any CPU.ActiveCfg = Release|Any CPU
		{01477149-F791-40E5-A50F-06B5009E2F0B}.Release|Any CPU.Build.0 = Release|Any CPU
		{2959A582-4386-48E1-8668-4B87D56F3277}.Debug|Any CPU.ActiveCfg = Debug|Any CPU
		{2959A582-4386-48E1-8668-4B87D56F3277}.Debug|Any CPU.Build.0 = Debug|Any CPU
		{2959A582-4386-48E1-8668-4B87D56F3277}.Release|Any CPU.ActiveCfg = Release|Any CPU
		{2959A582-4386-48E1-8668-4B87D56F3277}.Release|Any CPU.Build.0 = Release|Any CPU
		{F85262F2-B1B1-48CF-8949-2B437CFA1E4D}.Debug|Any CPU.ActiveCfg = Debug|Any CPU
		{F85262F2-B1B1-48CF-8949-2B437CFA1E4D}.Debug|Any CPU.Build.0 = Debug|Any CPU
		{F85262F2-B1B1-48CF-8949-2B437CFA1E4D}.Release|Any CPU.ActiveCfg = Release|Any CPU
		{F85262F2-B1B1-48CF-8949-2B437CFA1E4D}.Release|Any CPU.Build.0 = Release|Any CPU
		{ADDC3BFF-18CF-4CD1-BAB3-EF9AA304AAE0}.Debug|Any CPU.ActiveCfg = Debug|Any CPU
		{ADDC3BFF-18CF-4CD1-BAB3-EF9AA304AAE0}.Debug|Any CPU.Build.0 = Debug|Any CPU
		{ADDC3BFF-18CF-4CD1-BAB3-EF9AA304AAE0}.Release|Any CPU.ActiveCfg = Release|Any CPU
		{ADDC3BFF-18CF-4CD1-BAB3-EF9AA304AAE0}.Release|Any CPU.Build.0 = Release|Any CPU
		{D4E9F9C4-2A22-49E0-8850-25EE1AF9BB93}.Debug|Any CPU.ActiveCfg = Debug|Any CPU
		{D4E9F9C4-2A22-49E0-8850-25EE1AF9BB93}.Debug|Any CPU.Build.0 = Debug|Any CPU
		{D4E9F9C4-2A22-49E0-8850-25EE1AF9BB93}.Release|Any CPU.ActiveCfg = Release|Any CPU
		{D4E9F9C4-2A22-49E0-8850-25EE1AF9BB93}.Release|Any CPU.Build.0 = Release|Any CPU
		{32B93FF5-145B-4602-9261-1F303396AA0B}.Debug|Any CPU.ActiveCfg = Debug|Any CPU
		{32B93FF5-145B-4602-9261-1F303396AA0B}.Debug|Any CPU.Build.0 = Debug|Any CPU
		{32B93FF5-145B-4602-9261-1F303396AA0B}.Release|Any CPU.ActiveCfg = Release|Any CPU
		{32B93FF5-145B-4602-9261-1F303396AA0B}.Release|Any CPU.Build.0 = Release|Any CPU
		{FBEFD7B7-0CC8-40F3-BD6D-698875AA65E7}.Debug|Any CPU.ActiveCfg = Debug|Any CPU
		{FBEFD7B7-0CC8-40F3-BD6D-698875AA65E7}.Debug|Any CPU.Build.0 = Debug|Any CPU
		{FBEFD7B7-0CC8-40F3-BD6D-698875AA65E7}.Release|Any CPU.ActiveCfg = Release|Any CPU
		{FBEFD7B7-0CC8-40F3-BD6D-698875AA65E7}.Release|Any CPU.Build.0 = Release|Any CPU
		{3A7BB7FC-D57A-42D9-8E23-015D88B00B36}.Debug|Any CPU.ActiveCfg = Debug|Any CPU
		{3A7BB7FC-D57A-42D9-8E23-015D88B00B36}.Debug|Any CPU.Build.0 = Debug|Any CPU
		{3A7BB7FC-D57A-42D9-8E23-015D88B00B36}.Release|Any CPU.ActiveCfg = Release|Any CPU
		{3A7BB7FC-D57A-42D9-8E23-015D88B00B36}.Release|Any CPU.Build.0 = Release|Any CPU
	EndGlobalSection
	GlobalSection(NestedProjects) = preSolution
		{A067AAD1-28CB-4FDD-BCFC-9764DA7EB244} = {BA05F450-A612-4AEE-AD78-1DD57A761F61}
		{837EB41F-8428-4E25-BEC5-89097C59F2B3} = {A067AAD1-28CB-4FDD-BCFC-9764DA7EB244}
		{337AFE71-28C6-4AD6-9212-E1718581AF2D} = {A067AAD1-28CB-4FDD-BCFC-9764DA7EB244}
		{2F551DD4-FF0C-4D64-A621-85CA8E4A4F8F} = {BA05F450-A612-4AEE-AD78-1DD57A761F61}
		{9F79D8A0-C08A-4949-B487-F459CF295BB2} = {2F551DD4-FF0C-4D64-A621-85CA8E4A4F8F}
		{2E7F79BC-4F72-45A2-B57C-5A2BF15D8FDC} = {2F551DD4-FF0C-4D64-A621-85CA8E4A4F8F}
		{B2753690-550E-4211-8179-04C7F1C23A4C} = {2F551DD4-FF0C-4D64-A621-85CA8E4A4F8F}
		{8FE0439F-CE5E-4E27-9045-1525C1348DBF} = {BA05F450-A612-4AEE-AD78-1DD57A761F61}
		{9E95D5FC-B513-492A-B6C0-E8045B359438} = {8FE0439F-CE5E-4E27-9045-1525C1348DBF}
		{C25421C3-CCB4-4632-9189-1C2918A73575} = {8FE0439F-CE5E-4E27-9045-1525C1348DBF}
		{BECB7CC6-3205-47AD-B116-9D0BE50766C5} = {8FE0439F-CE5E-4E27-9045-1525C1348DBF}
		{01477149-F791-40E5-A50F-06B5009E2F0B} = {8FE0439F-CE5E-4E27-9045-1525C1348DBF}
		{849D4ADB-9CBB-4F31-9076-438F14ADD3D6} = {BA05F450-A612-4AEE-AD78-1DD57A761F61}
		{2959A582-4386-48E1-8668-4B87D56F3277} = {849D4ADB-9CBB-4F31-9076-438F14ADD3D6}
		{F85262F2-B1B1-48CF-8949-2B437CFA1E4D} = {849D4ADB-9CBB-4F31-9076-438F14ADD3D6}
		{ADDC3BFF-18CF-4CD1-BAB3-EF9AA304AAE0} = {849D4ADB-9CBB-4F31-9076-438F14ADD3D6}
		{D4E9F9C4-2A22-49E0-8850-25EE1AF9BB93} = {849D4ADB-9CBB-4F31-9076-438F14ADD3D6}
		{32B93FF5-145B-4602-9261-1F303396AA0B} = {849D4ADB-9CBB-4F31-9076-438F14ADD3D6}
		{FBEFD7B7-0CC8-40F3-BD6D-698875AA65E7} = {849D4ADB-9CBB-4F31-9076-438F14ADD3D6}
		{3A7BB7FC-D57A-42D9-8E23-015D88B00B36} = {849D4ADB-9CBB-4F31-9076-438F14ADD3D6}
	EndGlobalSection
EndGlobal
